
Microsoft Visual Studio Solution File, Format Version 12.00
# Visual Studio Version 17
VisualStudioVersion = 17.14.36623.8 d17.14
MinimumVisualStudioVersion = 10.0.40219.1
Project("{FAE04EC0-301F-11D3-BF4B-00C04F79EFBC}") = "Fortnite Cosmetics Unlocker", "Fortnite Cosmetics Unlocker\Fortnite Cosmetics Unlocker.csproj", "{06C4C2A6-62D4-4E45-8B4C-FD66E7E96BC4}"
EndProject
Global
	GlobalSection(SolutionConfigurationPlatforms) = preSolution
		Debug|Any CPU = Debug|Any CPU
		Release|Any CPU = Release|Any CPU
	EndGlobalSection
	GlobalSection(ProjectConfigurationPlatforms) = postSolution
		{06C4C2A6-62D4-4E45-8B4C-FD66E7E96BC4}.Debug|Any CPU.ActiveCfg = Debug|Any CPU
		{06C4C2A6-62D4-4E45-8B4C-FD66E7E96BC4}.Debug|Any CPU.Build.0 = Debug|Any CPU
		{06C4C2A6-62D4-4E45-8B4C-FD66E7E96BC4}.Release|Any CPU.ActiveCfg = Release|Any CPU
		{06C4C2A6-62D4-4E45-8B4C-FD66E7E96BC4}.Release|Any CPU.Build.0 = Release|Any CPU
	EndGlobalSection
	GlobalSection(SolutionProperties) = preSolution
		HideSolutionNode = FALSE
	EndGlobalSection
	GlobalSection(ExtensibilityGlobals) = postSolution
		SolutionGuid = {6E7C7CAA-81AE-478C-87BF-59CDD80698E8}
	EndGlobalSection
EndGlobal
